
Microsoft Visual Studio Solution File, Format Version 12.00
# Visual Studio Version 17
VisualStudioVersion = 17.0.31903.59
MinimumVisualStudioVersion = 10.0.40219.1
Project("{2150E333-8FDC-42A3-9474-1A3956D46DE8}") = "Environment", "Environment", "{12A06B57-144C-3356-BA85-27668F092FDF}"
EndProject
Project("{FAE04EC0-301F-11D3-BF4B-00C04F79EFBC}") = "Lattice.Environment", "Environment\Lattice.Environment.csproj", "{7A86D394-34CC-40CA-8107-57EA267B8980}"
EndProject
Project("{2150E333-8FDC-42A3-9474-1A3956D46DE8}") = "Generator", "Generator", "{3FA0F85F-A7C6-0754-1E55-9BD5D403A7D0}"
EndProject
Project("{FAE04EC0-301F-11D3-BF4B-00C04F79EFBC}") = "Lattice.Generator", "Generator\Lattice.Generator.csproj", "{E2AEE990-DC2B-4412-BBED-29FC03427A43}"
EndProject
Project("{2150E333-8FDC-42A3-9474-1A3956D46DE8}") = "Agents", "Agents", "{B33F7F66-95C7-97AE-2462-F6D15419E3EF}"
EndProject
Project("{FAE04EC0-301F-11D3-BF4B-00C04F79EFBC}") = "Lattice.Agents", "Agents\Lattice.Agents.csproj", "{E8208726-011E-451A-8266-45FF87A8A01D}"
EndProject
Project("{2150E333-8FDC-42A3-9474-1A3956D46DE8}") = "Visualization", "Visualization", "{21A1F264-826D-F711-96F1-00A63916A1AD}"
EndProject
Project("{FAE04EC0-301F-11D3-BF4B-00C04F79EFBC}") = "Lattice.Visualization", "Visualization\Lattice.Visualization.csproj", "{DE77B6CD-2DBE-4F5E-9310-3B0F83A24193}"
EndProject
Project("{2150E333-8FDC-42A3-9474-1A3956D46DE8}") = "Trajectories", "Trajectories", "{5BED6096-54EE-418D-349F-32F4A14A4760}"
EndProject
Project("{FAE04EC0-301F-11D3-BF4B-00C04F79EFBC}") = "Lattice.Trajectories", "Trajectories\Lattice.Trajectories.csproj", "{402985C6-4C6E-4C1E-AFCD-5E712B6DE8CE}"
EndProject
Project("{2150E333-8FDC-42A3-9474-1A3956D46DE8}") = "Tests", "Tests", "{0AB3BF05-4346-4AA6-1389-037BE0695223}"
EndProject
Project("{FAE04EC0-301F-11D3-BF4B-00C04F79EFBC}") = "Lattice.Tests", "Tests\Lattice.Tests.csproj", "{41975E55-C994-415B-ACC0-146412E8D4FE}"
EndProject
Project("{2150E333-8FDC-42A3-9474-1A3956D46DE8}") = "Cli", "Cli", "{B0127AE6-0D87-4FF5-BC8B-849B03DC9C39}"
EndProject
Project("{FAE04EC0-301F-11D3-BF4B-00C04F79EFBC}") = "Lattice.Cli", "Cli\Lattice.Cli.csproj", "{287493DA-96ED-41EB-A343-B820E66CF2B4}"
EndProject
Project("{2150E333-8FDC-42A3-9474-1A3956D46DE8}") = "Analytics", "Analytics", "{F48BADF6-5519-408C-A4AB-6295F3DFB3CD}"
EndProject
Project("{FAE04EC0-301F-11D3-BF4B-00C04F79EFBC}") = "Lattice.Analytics", "Analytics\Lattice.Analytics.csproj", "{6929FC05-63B2-4F83-82FE-CDFB4CBD2A74}"
EndProject
Project("{2150E333-8FDC-42A3-9474-1A3956D46DE8}") = "Protocol", "Protocol", "{473D39C9-61E3-EA25-6A91-EF6E7DA39358}"
EndProject
Project("{FAE04EC0-301F-11D3-BF4B-00C04F79EFBC}") = "Lattice.Protocol", "Protocol\Lattice.Protocol.csproj", "{ADA69C78-EC58-44FB-8618-840DA7F86462}"
EndProject
Global
	GlobalSection(SolutionConfigurationPlatforms) = preSolution
		Debug|Any CPU = Debug|Any CPU
		Debug|x64 = Debug|x64
		Debug|x86 = Debug|x86
		Release|Any CPU = Release|Any CPU
		Release|x64 = Release|x64
		Release|x86 = Release|x86
	EndGlobalSection
	GlobalSection(ProjectConfigurationPlatforms) = postSolution
		{7A86D394-34CC-40CA-8107-57EA267B8980}.Debug|Any CPU.ActiveCfg = Debug|Any CPU
		{7A86D394-34CC-40CA-8107-57EA267B8980}.Debug|Any CPU.Build.0 = Debug|Any CPU
		{7A86D394-34CC-40CA-8107-57EA267B8980}.Debug|x64.ActiveCfg = Debug|Any CPU
		{7A86D394-34CC-40CA-8107-57EA267B8980}.Debug|x64.Build.0 = Debug|Any CPU
		{7A86D394-34CC-40CA-8107-57EA267B8980}.Debug|x86.ActiveCfg = Debug|Any CPU
		{7A86D394-34CC-40CA-8107-57EA267B8980}.Debug|x86.Build.0 = Debug|Any CPU
		{7A86D394-34CC-40CA-8107-57EA267B8980}.Release|Any CPU.ActiveCfg = Release|Any CPU
		{7A86D394-34CC-40CA-8107-57EA267B8980}.Release|Any CPU.Build.0 = Release|Any CPU
		{7A86D394-34CC-40CA-8107-57EA267B8980}.Release|x64.ActiveCfg = Release|Any CPU
		{7A86D394-34CC-40CA-8107-57EA267B8980}.Release|x64.Build.0 = Release|Any CPU
		{7A86D394-34CC-40CA-8107-57EA267B8980}.Release|x86.ActiveCfg = Release|Any CPU
		{7A86D394-34CC-40CA-8107-57EA267B8980}.Release|x86.Build.0 = Release|Any CPU
		{E2AEE990-DC2B-4412-BBED-29FC03427A43}.Debug|Any CPU.ActiveCfg = Debug|Any CPU
		{E2AEE990-DC2B-4412-BBED-29FC03427A43}.Debug|Any CPU.Build.0 = Debug|Any CPU
		{E2AEE990-DC2B-4412-BBED-29FC03427A43}.Debug|x64.ActiveCfg = Debug|Any CPU
		{E2AEE990-DC2B-4412-BBED-29FC03427A43}.Debug|x64.Build.0 = Debug|Any CPU
		{E2AEE990-DC2B-4412-BBED-29FC03427A43}.Debug|x86.ActiveCfg = Debug|Any CPU
		{E2AEE990-DC2B-4412-BBED-29FC03427A43}.Debug|x86.Build.0 = Debug|Any CPU
		{E2AEE990-DC2B-4412-BBED-29FC03427A43}.Release|Any CPU.ActiveCfg = Release|Any CPU
		{E2AEE990-DC2B-4412-BBED-29FC03427A43}.Release|Any CPU.Build.0 = Release|Any CPU
		{E2AEE990-DC2B-4412-BBED-29FC03427A43}.Release|x64.ActiveCfg = Release|Any CPU
		{E2AEE990-DC2B-4412-BBED-29FC03427A43}.Release|x64.Build.0 = Release|Any CPU
		{E2AEE990-DC2B-4412-BBED-29FC03427A43}.Release|x86.ActiveCfg = Release|Any CPU
		{E2AEE990-DC2B-4412-BBED-29FC03427A43}.Release|x86.Build.0 = Release|Any CPU
		{E8208726-011E-451A-8266-45FF87A8A01D}.Debug|Any CPU.ActiveCfg = Debug|Any CPU
		{E8208726-011E-451A-8266-45FF87A8A01D}.Debug|Any CPU.Build.0 = Debug|Any CPU
		{E8208726-011E-451A-8266-45FF87A8A01D}.Debug|x64.ActiveCfg = Debug|Any CPU
		{E8208726-011E-451A-8266-45FF87A8A01D}.Debug|x64.Build.0 = Debug|Any CPU
		{E8208726-011E-451A-8266-45FF87A8A01D}.Debug|x86.ActiveCfg = Debug|Any CPU
		{E8208726-011E-451A-8266-45FF87A8A01D}.Debug|x86.Build.0 = Debug|Any CPU
		{E8208726-011E-451A-8266-45FF87A8A01D}.Release|Any CPU.ActiveCfg = Release|Any CPU
		{E8208726-011E-451A-8266-45FF87A8A01D}.Release|Any CPU.Build.0 = Release|Any CPU
		{E8208726-011E-451A-8266-45FF87A8A01D}.Release|x64.ActiveCfg = Release|Any CPU
		{E8208726-011E-451A-8266-45FF87A8A01D}.Release|x64.Build.0 = Release|Any CPU
		{E8208726-011E-451A-8266-45FF87A8A01D}.Release|x86.ActiveCfg = Release|Any CPU
		{E8208726-011E-451A-8266-45FF87A8A01D}.Release|x86.Build.0 = Release|Any CPU
		{DE77B6CD-2DBE-4F5E-9310-3B0F83A24193}.Debug|Any CPU.ActiveCfg = Debug|Any CPU
		{DE77B6CD-2DBE-4F5E-9310-3B0F83A24193}.Debug|Any CPU.Build.0 = Debug|Any CPU
		{DE77B6CD-2DBE-4F5E-9310-3B0F83A24193}.Debug|x64.ActiveCfg = Debug|Any CPU
		{DE77B6CD-2DBE-4F5E-9310-3B0F83A24193}.Debug|x64.Build.0 = Debug|Any CPU
		{DE77B6CD-2DBE-4F5E-9310-3B0F83A24193}.Debug|x86.ActiveCfg = Debug|Any CPU
		{DE77B6CD-2DBE-4F5E-9310-3B0F83A24193}.Debug|x86.Build.0 = Debug|Any CPU
		{DE77B6CD-2DBE-4F5E-9310-3B0F83A24193}.Release|Any CPU.ActiveCfg = Release|Any CPU
		{DE77B6CD-2DBE-4F5E-9310-3B0F83A24193}.Release|Any CPU.Build.0 = Release|Any CPU
		{DE77B6CD-2DBE-4F5E-9310-3B0F83A24193}.Release|x64.ActiveCfg = Release|Any CPU
		{DE77B6CD-2DBE-4F5E-9310-3B0F83A24193}.Release|x64.Build.0 = Release|Any CPU
		{DE77B6CD-2DBE-4F5E-9310-3B0F83A24193}.Release|x86.ActiveCfg = Release|Any CPU
		{DE77B6CD-2DBE-4F5E-9310-3B0F83A24193}.Release|x86.Build.0 = Release|Any CPU
		{402985C6-4C6E-4C1E-AFCD-5E712B6DE8CE}.Debug|Any CPU.ActiveCfg = Debug|Any CPU
		{402985C6-4C6E-4C1E-AFCD-5E712B6DE8CE}.Debug|Any CPU.Build.0 = Debug|Any CPU
		{402985C6-4C6E-4C1E-AFCD-5E712B6DE8CE}.Debug|x64.ActiveCfg = Debug|Any CPU
		{402985C6-4C6E-4C1E-AFCD-5E712B6DE8CE}.Debug|x64.Build.0 = Debug|Any CPU
		{402985C6-4C6E-4C1E-AFCD-5E712B6DE8CE}.Debug|x86.ActiveCfg = Debug|Any CPU
		{402985C6-4C6E-4C1E-AFCD-5E712B6DE8CE}.Debug|x86.Build.0 = Debug|Any CPU
		{402985C6-4C6E-4C1E-AFCD-5E712B6DE8CE}.Release|Any CPU.ActiveCfg = Release|Any CPU
		{402985C6-4C6E-4C1E-AFCD-5E712B6DE8CE}.Release|Any CPU.Build.0 = Release|Any CPU
		{402985C6-4C6E-4C1E-AFCD-5E712B6DE8CE}.Release|x64.ActiveCfg = Release|Any CPU
		{402985C6-4C6E-4C1E-AFCD-5E712B6DE8CE}.Release|x64.Build.0 = Release|Any CPU
		{402985C6-4C6E-4C1E-AFCD-5E712B6DE8CE}.Release|x86.ActiveCfg = Release|Any CPU
		{402985C6-4C6E-4C1E-AFCD-5E712B6DE8CE}.Release|x86.Build.0 = Release|Any CPU
		{41975E55-C994-415B-ACC0-146412E8D4FE}.Debug|Any CPU.ActiveCfg = Debug|Any CPU
		{41975E55-C994-415B-ACC0-146412E8D4FE}.Debug|Any CPU.Build.0 = Debug|Any CPU
		{41975E55-C994-415B-ACC0-146412E8D4FE}.Debug|x64.ActiveCfg = Debug|Any CPU
		{41975E55-C994-415B-ACC0-146412E8D4FE}.Debug|x64.Build.0 = Debug|Any CPU
		{41975E55-C994-415B-ACC0-146412E8D4FE}.Debug|x86.ActiveCfg = Debug|Any CPU
		{41975E55-C994-415B-ACC0-146412E8D4FE}.Debug|x86.Build.0 = Debug|Any CPU
		{41975E55-C994-415B-ACC0-146412E8D4FE}.Release|Any CPU.ActiveCfg = Release|Any CPU
		{41975E55-C994-415B-ACC0-146412E8D4FE}.Release|Any CPU.Build.0 = Release|Any CPU
		{41975E55-C994-415B-ACC0-146412E8D4FE}.Release|x64.ActiveCfg = Release|Any CPU
		{41975E55-C994-415B-ACC0-146412E8D4FE}.Release|x64.Build.0 = Release|Any CPU
		{41975E55-C994-415B-ACC0-146412E8D4FE}.Release|x86.ActiveCfg = Release|Any CPU
		{41975E55-C994-415B-ACC0-146412E8D4FE}.Release|x86.Build.0 = Release|Any CPU
		{287493DA-96ED-41EB-A343-B820E66CF2B4}.Debug|Any CPU.ActiveCfg = Debug|Any CPU
		{287493DA-96ED-41EB-A343-B820E66CF2B4}.Debug|Any CPU.Build.0 = Debug|Any CPU
		{287493DA-96ED-41EB-A343-B820E66CF2B4}.Debug|x64.ActiveCfg = Debug|Any CPU
		{287493DA-96ED-41EB-A343-B820E66CF2B4}.Debug|x64.Build.0 = Debug|Any CPU
		{287493DA-96ED-41EB-A343-B820E66CF2B4}.Debug|x86.ActiveCfg = Debug|Any CPU
		{287493DA-96ED-41EB-A343-B820E66CF2B4}.Debug|x86.Build.0 = Debug|Any CPU
		{287493DA-96ED-41EB-A343-B820E66CF2B4}.Release|Any CPU.ActiveCfg = Release|Any CPU
		{287493DA-96ED-41EB-A343-B820E66CF2B4}.Release|Any CPU.Build.0 = Release|Any CPU
		{287493DA-96ED-41EB-A343-B820E66CF2B4}.Release|x64.ActiveCfg = Release|Any CPU
		{287493DA-96ED-41EB-A343-B820E66CF2B4}.Release|x64.Build.0 = Release|Any CPU
		{287493DA-96ED-41EB-A343-B820E66CF2B4}.Release|x86.ActiveCfg = Release|Any CPU
		{287493DA-96ED-41EB-A343-B820E66CF2B4}.Release|x86.Build.0 = Release|Any CPU
		{6929FC05-63B2-4F83-82FE-CDFB4CBD2A74}.Debug|Any CPU.ActiveCfg = Debug|Any CPU
		{6929FC05-63B2-4F83-82FE-CDFB4CBD2A74}.Debug|Any CPU.Build.0 = Debug|Any CPU
		{6929FC05-63B2-4F83-82FE-CDFB4CBD2A74}.Debug|x64.ActiveCfg = Debug|Any CPU
		{6929FC05-63B2-4F83-82FE-CDFB4CBD2A74}.Debug|x64.Build.0 = Debug|Any CPU
		{6929FC05-63B2-4F83-82FE-CDFB4CBD2A74}.Debug|x86.ActiveCfg = Debug|Any CPU
		{6929FC05-63B2-4F83-82FE-CDFB4CBD2A74}.Debug|x86.Build.0 = Debug|Any CPU
		{6929FC05-63B2-4F83-82FE-CDFB4CBD2A74}.Release|Any CPU.ActiveCfg = Release|Any CPU
		{6929FC05-63B2-4F83-82FE-CDFB4CBD2A74}.Release|Any CPU.Build.0 = Release|Any CPU
		{6929FC05-63B2-4F83-82FE-CDFB4CBD2A74}.Release|x64.ActiveCfg = Release|Any CPU
		{6929FC05-63B2-4F83-82FE-CDFB4CBD2A74}.Release|x64.Build.0 = Release|Any CPU
		{6929FC05-63B2-4F83-82FE-CDFB4CBD2A74}.Release|x86.ActiveCfg = Release|Any CPU
		{6929FC05-63B2-4F83-82FE-CDFB4CBD2A74}.Release|x86.Build.0 = Release|Any CPU
		{ADA69C78-EC58-44FB-8618-840DA7F86462}.Debug|Any CPU.ActiveCfg = Debug|Any CPU
		{ADA69C78-EC58-44FB-8618-840DA7F86462}.Debug|Any CPU.Build.0 = Debug|Any CPU
		{ADA69C78-EC58-44FB-8618-840DA7F86462}.Debug|x64.ActiveCfg = Debug|Any CPU
		{ADA69C78-EC58-44FB-8618-840DA7F86462}.Debug|x64.Build.0 = Debug|Any CPU
		{ADA69C78-EC58-44FB-8618-840DA7F86462}.Debug|x86.ActiveCfg = Debug|Any CPU
		{ADA69C78-EC58-44FB-8618-840DA7F86462}.Debug|x86.Build.0 = Debug|Any CPU
		{ADA69C78-EC58-44FB-8618-840DA7F86462}.Release|Any CPU.ActiveCfg = Release|Any CPU
		{ADA69C78-EC58-44FB-8618-840DA7F86462}.Release|Any CPU.Build.0 = Release|Any CPU
		{ADA69C78-EC58-44FB-8618-840DA7F86462}.Release|x64.ActiveCfg = Release|Any CPU
		{ADA69C78-EC58-44FB-8618-840DA7F86462}.Release|x64.Build.0 = Release|Any CPU
		{ADA69C78-EC58-44FB-8618-840DA7F86462}.Release|x86.ActiveCfg = Release|Any CPU
		{ADA69C78-EC58-44FB-8618-840DA7F86462}.Release|x86.Build.0 = Release|Any CPU
	EndGlobalSection
	GlobalSection(SolutionProperties) = preSolution
		HideSolutionNode = FALSE
	EndGlobalSection
	GlobalSection(NestedProjects) = preSolution
		{7A86D394-34CC-40CA-8107-57EA267B8980} = {12A06B57-144C-3356-BA85-27668F092FDF}
		{E2AEE990-DC2B-4412-BBED-29FC03427A43} = {3FA0F85F-A7C6-0754-1E55-9BD5D403A7D0}
		{E8208726-011E-451A-8266-45FF87A8A01D} = {B33F7F66-95C7-97AE-2462-F6D15419E3EF}
		{DE77B6CD-2DBE-4F5E-9310-3B0F83A24193} = {21A1F264-826D-F711-96F1-00A63916A1AD}
		{402985C6-4C6E-4C1E-AFCD-5E712B6DE8CE} = {5BED6096-54EE-418D-349F-32F4A14A4760}
		{41975E55-C994-415B-ACC0-146412E8D4FE} = {0AB3BF05-4346-4AA6-1389-037BE0695223}
		{287493DA-96ED-41EB-A343-B820E66CF2B4} = {B0127AE6-0D87-4FF5-BC8B-849B03DC9C39}
		{6929FC05-63B2-4F83-82FE-CDFB4CBD2A74} = {F48BADF6-5519-408C-A4AB-6295F3DFB3CD}
		{ADA69C78-EC58-44FB-8618-840DA7F86462} = {473D39C9-61E3-EA25-6A91-EF6E7DA39358}
	EndGlobalSection
EndGlobal
